{
  "requires": true,
  "lockfileVersion": 1,
  "dependencies": {
    "mime": {
      "version": "1.2.11",
      "resolved": "http://registry.npmjs.org/mime/-/mime-1.2.11.tgz",
      "integrity": "sha1-WCA+7Ybjpe8XrtK32evUfwpg3RA="
    },
    "multipart": {
      "version": "0.1.5",
      "resolved": "https://registry.npmjs.org/multipart/-/multipart-0.1.5.tgz",
      "integrity": "sha1-bJUPwVa5By1Os3BQN2lzEVJLF20=",
      "requires": {
        "mime": "1.2.11"
      }
    },
    "nodemailer": {
      "version": "4.7.0",
      "resolved": "https://registry.npmjs.org/nodemailer/-/nodemailer-4.7.0.tgz",
      "integrity": "sha512-IludxDypFpYw4xpzKdMAozBSkzKHmNBvGanUREjJItgJ2NYcK/s8+PggVhj7c2yGFQykKsnnmv1+Aqo0ZfjHmw=="
    }
  }
}
